{
  "requires": true,
  "lockfileVersion": 1,
  "dependencies": {
    "vue3-touch-events": {
      "version": "4.1.0",
      "resolved": "https://registry.npmjs.org/vue3-touch-events/-/vue3-touch-events-4.1.0.tgz",
      "integrity": "sha512-fZKusOiBJzDPsY34tXYl/Wo9c2ONzBuQmF0+oHqVWr+TDbf90CgMWLHZsTv1KaShXjt+oeLow7BDVBpXW6lfXQ=="
    }
  }
}
